
Microsoft Visual Studio Solution File, Format Version 12.00
# Visual Studio Version 17
VisualStudioVersion = 17.1.32319.34
MinimumVisualStudioVersion = 10.0.40219.1
Project("{FAE04EC0-301F-11D3-BF4B-00C04F79EFBC}") = "2.11-2.25 прод", "2.11-2.25 прод.csproj", "{38D6485F-B7DD-47A0-9699-1013F10D1B49}"
EndProject
Global
	GlobalSection(SolutionConfigurationPlatforms) = preSolution
		Debug|Any CPU = Debug|Any CPU
		Release|Any CPU = Release|Any CPU
	EndGlobalSection
	GlobalSection(ProjectConfigurationPlatforms) = postSolution
		{38D6485F-B7DD-47A0-9699-1013F10D1B49}.Debug|Any CPU.ActiveCfg = Debug|Any CPU
		{38D6485F-B7DD-47A0-9699-1013F10D1B49}.Debug|Any CPU.Build.0 = Debug|Any CPU
		{38D6485F-B7DD-47A0-9699-1013F10D1B49}.Release|Any CPU.ActiveCfg = Release|Any CPU
		{38D6485F-B7DD-47A0-9699-1013F10D1B49}.Release|Any CPU.Build.0 = Release|Any CPU
	EndGlobalSection
	GlobalSection(SolutionProperties) = preSolution
		HideSolutionNode = FALSE
	EndGlobalSection
	GlobalSection(ExtensibilityGlobals) = postSolution
		SolutionGuid = {B62AB391-3191-4832-B891-178CFB8452D5}
	EndGlobalSection
EndGlobal
