
Microsoft Visual Studio Solution File, Format Version 12.00
# Visual Studio Version 17
VisualStudioVersion = 17.1.32319.34
MinimumVisualStudioVersion = 10.0.40219.1
Project("{FAE04EC0-301F-11D3-BF4B-00C04F79EFBC}") = "n2.8-2.10", "n2.8-2.10.csproj", "{D2977DCA-29CF-47CF-8565-B3788654F914}"
EndProject
Global
	GlobalSection(SolutionConfigurationPlatforms) = preSolution
		Debug|Any CPU = Debug|Any CPU
		Release|Any CPU = Release|Any CPU
	EndGlobalSection
	GlobalSection(ProjectConfigurationPlatforms) = postSolution
		{D2977DCA-29CF-47CF-8565-B3788654F914}.Debug|Any CPU.ActiveCfg = Debug|Any CPU
		{D2977DCA-29CF-47CF-8565-B3788654F914}.Debug|Any CPU.Build.0 = Debug|Any CPU
		{D2977DCA-29CF-47CF-8565-B3788654F914}.Release|Any CPU.ActiveCfg = Release|Any CPU
		{D2977DCA-29CF-47CF-8565-B3788654F914}.Release|Any CPU.Build.0 = Release|Any CPU
	EndGlobalSection
	GlobalSection(SolutionProperties) = preSolution
		HideSolutionNode = FALSE
	EndGlobalSection
	GlobalSection(ExtensibilityGlobals) = postSolution
		SolutionGuid = {53640549-3087-4D10-B246-EFD60475537E}
	EndGlobalSection
EndGlobal
