
Microsoft Visual Studio Solution File, Format Version 12.00
# Visual Studio Version 17
VisualStudioVersion = 17.1.32319.34
MinimumVisualStudioVersion = 10.0.40219.1
Project("{FAE04EC0-301F-11D3-BF4B-00C04F79EFBC}") = "приложения с математическим тестом", "приложения с математическим тестом.csproj", "{EE22D3EF-A64D-4EC1-8246-D557A68AFFCF}"
EndProject
Global
	GlobalSection(SolutionConfigurationPlatforms) = preSolution
		Debug|Any CPU = Debug|Any CPU
		Release|Any CPU = Release|Any CPU
	EndGlobalSection
	GlobalSection(ProjectConfigurationPlatforms) = postSolution
		{EE22D3EF-A64D-4EC1-8246-D557A68AFFCF}.Debug|Any CPU.ActiveCfg = Debug|Any CPU
		{EE22D3EF-A64D-4EC1-8246-D557A68AFFCF}.Debug|Any CPU.Build.0 = Debug|Any CPU
		{EE22D3EF-A64D-4EC1-8246-D557A68AFFCF}.Release|Any CPU.ActiveCfg = Release|Any CPU
		{EE22D3EF-A64D-4EC1-8246-D557A68AFFCF}.Release|Any CPU.Build.0 = Release|Any CPU
	EndGlobalSection
	GlobalSection(SolutionProperties) = preSolution
		HideSolutionNode = FALSE
	EndGlobalSection
	GlobalSection(ExtensibilityGlobals) = postSolution
		SolutionGuid = {395313BD-2872-4F72-8063-6EA6E86447E9}
	EndGlobalSection
EndGlobal
